# THIS IS AN AUTOGENERATED FILE. DO NOT EDIT THIS FILE DIRECTLY.
# yarn lockfile v1


uglify-js@^3.13.3:
  version "3.17.0"
  resolved "https://registry.npmmirror.com/uglify-js/-/uglify-js-3.17.0.tgz#55bd6e9d19ce5eef0d5ad17cd1f587d85b180a85"
  integrity sha512-aTeNPVmgIMPpm1cxXr2Q/nEbvkmV8yq66F3om7X3P/cvOXQ0TMQ64Wk63iyT1gPlmdmGzjGpyLh1f3y8MZWXGg==
